{
  "lockfileVersion": 1,
  "configVersion": 1,
  "workspaces": {
    "": {
      "name": "atom",
      "dependencies": {
        "@ai-sdk/deepseek": "^2.0.20",
        "@ai-sdk/mcp": "^1.0.21",
        "@ai-sdk/openai-compatible": "^2.0.30",
        "@openrouter/ai-sdk-provider": "^2.2.3",
        "@toon-format/toon": "^2.1.0",
        "ai": "^6.0.86",
        "openai": "^6.22.0",
        "radashi": "^12.7.1",
        "zod": "^4.3.6",
      },
      "devDependencies": {
        "@types/bun": "^1.3.9",
      },
      "peerDependencies": {
        "typescript": "^5",
      },
    },
  },
  "packages": {
    "@ai-sdk/deepseek": ["@ai-sdk/deepseek@2.0.20", "https://registry.npmmirror.com/@ai-sdk/deepseek/-/deepseek-2.0.20.tgz", { "dependencies": { "@ai-sdk/provider": "3.0.8", "@ai-sdk/provider-utils": "4.0.15" }, "peerDependencies": { "zod": "^3.25.76 || ^4.1.8" } }, "sha512-MAL04sDTOWUiBjAGWaVgyeE4bYRb9QpKYRlIeCTZFga6I8yQs50XakhWEssrmvVihdpHGkqpDtCHsFqCydsWLA=="],

    "@ai-sdk/gateway": ["@ai-sdk/gateway@3.0.46", "https://registry.npmmirror.com/@ai-sdk/gateway/-/gateway-3.0.46.tgz", { "dependencies": { "@ai-sdk/provider": "3.0.8", "@ai-sdk/provider-utils": "4.0.15", "@vercel/oidc": "3.1.0" }, "peerDependencies": { "zod": "^3.25.76 || ^4.1.8" } }, "sha512-zH1UbNRjG5woOXXFOrVCZraqZuFTtmPvLardMGcgLkzpxKV0U3tAGoyWKSZ862H+eBJfI/Hf2yj/zzGJcCkycg=="],

    "@ai-sdk/mcp": ["@ai-sdk/mcp@1.0.21", "https://registry.npmmirror.com/@ai-sdk/mcp/-/mcp-1.0.21.tgz", { "dependencies": { "@ai-sdk/provider": "3.0.8", "@ai-sdk/provider-utils": "4.0.15", "pkce-challenge": "^5.0.0" }, "peerDependencies": { "zod": "^3.25.76 || ^4.1.8" } }, "sha512-dRX2X6GDadZNpiylNnw0HP7zJC8ggVOOJV/JtxuF6CgtP8CKnc7a/wEzpUw1m/4AGdD3mTDhKnKFwC4y10a8FQ=="],

    "@ai-sdk/openai-compatible": ["@ai-sdk/openai-compatible@2.0.30", "https://registry.npmmirror.com/@ai-sdk/openai-compatible/-/openai-compatible-2.0.30.tgz", { "dependencies": { "@ai-sdk/provider": "3.0.8", "@ai-sdk/provider-utils": "4.0.15" }, "peerDependencies": { "zod": "^3.25.76 || ^4.1.8" } }, "sha512-iTjumHf1/u4NhjXYFn/aONM2GId3/o7J1Lp5ql8FCbgIMyRwrmanR5xy1S3aaVkfTscuDvLTzWiy1mAbGzK3nQ=="],

    "@ai-sdk/provider": ["@ai-sdk/provider@3.0.8", "https://registry.npmmirror.com/@ai-sdk/provider/-/provider-3.0.8.tgz", { "dependencies": { "json-schema": "^0.4.0" } }, "sha512-oGMAgGoQdBXbZqNG0Ze56CHjDZ1IDYOwGYxYjO5KLSlz5HiNQ9udIXsPZ61VWaHGZ5XW/jyjmr6t2xz2jGVwbQ=="],

    "@ai-sdk/provider-utils": ["@ai-sdk/provider-utils@4.0.15", "https://registry.npmmirror.com/@ai-sdk/provider-utils/-/provider-utils-4.0.15.tgz", { "dependencies": { "@ai-sdk/provider": "3.0.8", "@standard-schema/spec": "^1.1.0", "eventsource-parser": "^3.0.6" }, "peerDependencies": { "zod": "^3.25.76 || ^4.1.8" } }, "sha512-8XiKWbemmCbvNN0CLR9u3PQiet4gtEVIrX4zzLxnCj06AwsEDJwJVBbKrEI4t6qE8XRSIvU2irka0dcpziKW6w=="],

    "@openrouter/ai-sdk-provider": ["@openrouter/ai-sdk-provider@2.2.3", "https://registry.npmmirror.com/@openrouter/ai-sdk-provider/-/ai-sdk-provider-2.2.3.tgz", { "peerDependencies": { "ai": "^6.0.0", "zod": "^3.25.0 || ^4.0.0" } }, "sha512-NovC+BaCfEeJwhToDrs8JeDYXXlJdEyz7lcxkjtyePSE4eoAKik872SyDK0MzXKcz8MRkv7XlNhPI6zz4TQp0g=="],

    "@opentelemetry/api": ["@opentelemetry/api@1.9.0", "https://registry.npmmirror.com/@opentelemetry/api/-/api-1.9.0.tgz", {}, "sha512-3giAOQvZiH5F9bMlMiv8+GSPMeqg0dbaeo58/0SlA9sxSqZhnUtxzX9/2FzyhS9sWQf5S0GJE0AKBrFqjpeYcg=="],

    "@standard-schema/spec": ["@standard-schema/spec@1.1.0", "https://registry.npmmirror.com/@standard-schema/spec/-/spec-1.1.0.tgz", {}, "sha512-l2aFy5jALhniG5HgqrD6jXLi/rUWrKvqN/qJx6yoJsgKhblVd+iqqU4RCXavm/jPityDo5TCvKMnpjKnOriy0w=="],

    "@toon-format/toon": ["@toon-format/toon@2.1.0", "https://registry.npmmirror.com/@toon-format/toon/-/toon-2.1.0.tgz", {}, "sha512-JwWptdF5eOA0HaQxbKAzkpQtR4wSWTEfDlEy/y3/4okmOAX1qwnpLZMmtEWr+ncAhTTY1raCKH0kteHhSXnQqg=="],

    "@types/bun": ["@types/bun@1.3.9", "https://registry.npmmirror.com/@types/bun/-/bun-1.3.9.tgz", { "dependencies": { "bun-types": "1.3.9" } }, "sha512-KQ571yULOdWJiMH+RIWIOZ7B2RXQGpL1YQrBtLIV3FqDcCu6FsbFUBwhdKUlCKUpS3PJDsHlJ1QKlpxoVR+xtw=="],

    "@types/node": ["@types/node@25.2.3", "https://registry.npmmirror.com/@types/node/-/node-25.2.3.tgz", { "dependencies": { "undici-types": "~7.16.0" } }, "sha512-m0jEgYlYz+mDJZ2+F4v8D1AyQb+QzsNqRuI7xg1VQX/KlKS0qT9r1Mo16yo5F/MtifXFgaofIFsdFMox2SxIbQ=="],

    "@vercel/oidc": ["@vercel/oidc@3.1.0", "https://registry.npmmirror.com/@vercel/oidc/-/oidc-3.1.0.tgz", {}, "sha512-Fw28YZpRnA3cAHHDlkt7xQHiJ0fcL+NRcIqsocZQUSmbzeIKRpwttJjik5ZGanXP+vlA4SbTg+AbA3bP363l+w=="],

    "ai": ["ai@6.0.86", "https://registry.npmmirror.com/ai/-/ai-6.0.86.tgz", { "dependencies": { "@ai-sdk/gateway": "3.0.46", "@ai-sdk/provider": "3.0.8", "@ai-sdk/provider-utils": "4.0.15", "@opentelemetry/api": "1.9.0" }, "peerDependencies": { "zod": "^3.25.76 || ^4.1.8" } }, "sha512-U2W2LBCHA/pr0Ui7vmmsjBiLEzBbZF3yVHNy7Rbzn7IX+SvoQPFM5rN74hhfVzZoE8zBuGD4nLLk+j0elGacvQ=="],

    "bun-types": ["bun-types@1.3.9", "https://registry.npmmirror.com/bun-types/-/bun-types-1.3.9.tgz", { "dependencies": { "@types/node": "*" } }, "sha512-+UBWWOakIP4Tswh0Bt0QD0alpTY8cb5hvgiYeWCMet9YukHbzuruIEeXC2D7nMJPB12kbh8C7XJykSexEqGKJg=="],

    "eventsource-parser": ["eventsource-parser@3.0.6", "https://registry.npmmirror.com/eventsource-parser/-/eventsource-parser-3.0.6.tgz", {}, "sha512-Vo1ab+QXPzZ4tCa8SwIHJFaSzy4R6SHf7BY79rFBDf0idraZWAkYrDjDj8uWaSm3S2TK+hJ7/t1CEmZ7jXw+pg=="],

    "json-schema": ["json-schema@0.4.0", "https://registry.npmmirror.com/json-schema/-/json-schema-0.4.0.tgz", {}, "sha512-es94M3nTIfsEPisRafak+HDLfHXnKBhV3vU5eqPcS3flIWqcxJWgXHXiey3YrpaNsanY5ei1VoYEbOzijuq9BA=="],

    "openai": ["openai@6.22.0", "https://registry.npmmirror.com/openai/-/openai-6.22.0.tgz", { "peerDependencies": { "ws": "^8.18.0", "zod": "^3.25 || ^4.0" }, "optionalPeers": ["ws", "zod"], "bin": { "openai": "bin/cli" } }, "sha512-7Yvy17F33Bi9RutWbsaYt5hJEEJ/krRPOrwan+f9aCPuMat1WVsb2VNSII5W1EksKT6fF69TG/xj4XzodK3JZw=="],

    "pkce-challenge": ["pkce-challenge@5.0.1", "https://registry.npmmirror.com/pkce-challenge/-/pkce-challenge-5.0.1.tgz", {}, "sha512-wQ0b/W4Fr01qtpHlqSqspcj3EhBvimsdh0KlHhH8HRZnMsEa0ea2fTULOXOS9ccQr3om+GcGRk4e+isrZWV8qQ=="],

    "radashi": ["radashi@12.7.1", "https://registry.npmmirror.com/radashi/-/radashi-12.7.1.tgz", {}, "sha512-rwxcGY3oKMQJ+ojhS4MlxyVWqdXPVJSxg3ZjXDYYz26DYRuAAs+7XBM406/GYzPEBbjSJqdKfHDpBRfjWn34RQ=="],

    "typescript": ["typescript@5.9.3", "https://registry.npmmirror.com/typescript/-/typescript-5.9.3.tgz", { "bin": { "tsc": "bin/tsc", "tsserver": "bin/tsserver" } }, "sha512-jl1vZzPDinLr9eUt3J/t7V6FgNEw9QjvBPdysz9KfQDD41fQrC2Y4vKQdiaUpFT4bXlb1RHhLpp8wtm6M5TgSw=="],

    "undici-types": ["undici-types@7.16.0", "https://registry.npmmirror.com/undici-types/-/undici-types-7.16.0.tgz", {}, "sha512-Zz+aZWSj8LE6zoxD+xrjh4VfkIG8Ya6LvYkZqtUQGJPZjYl53ypCaUwWqo7eI0x66KBGeRo+mlBEkMSeSZ38Nw=="],

    "zod": ["zod@4.3.6", "https://registry.npmmirror.com/zod/-/zod-4.3.6.tgz", {}, "sha512-rftlrkhHZOcjDwkGlnUtZZkvaPHCsDATp4pGpuOOMDaTdDDXF91wuVDJoWoPsKX/3YPQ5fHuF3STjcYyKr+Qhg=="],
  }
}
